{
  "name": "New folder (2)",
  "lockfileVersion": 2,
  "requires": true,
  "packages": {
    "": {
      "dependencies": {
        "google-credentials-helper": "^0.0.10"
      }
    },
    "node_modules/google-credentials-helper": {
      "version": "0.0.10",
      "resolved": "https://registry.npmjs.org/google-credentials-helper/-/google-credentials-helper-0.0.10.tgz",
      "integrity": "sha512-M3QVAGSbwobI3BUvyqMWQ8kM00AZl2ieprqXRvAmlvyMszb68i3lVIXKf/Bmst+eAlzLa8WDrObnNKzYwCubPw=="
    }
  },
  "dependencies": {
    "google-credentials-helper": {
      "version": "0.0.10",
      "resolved": "https://registry.npmjs.org/google-credentials-helper/-/google-credentials-helper-0.0.10.tgz",
      "integrity": "sha512-M3QVAGSbwobI3BUvyqMWQ8kM00AZl2ieprqXRvAmlvyMszb68i3lVIXKf/Bmst+eAlzLa8WDrObnNKzYwCubPw=="
    }
  }
}
